
Microsoft Visual Studio Solution File, Format Version 12.00
# Visual Studio Version 17
VisualStudioVersion = 17.8.34309.116
MinimumVisualStudioVersion = 10.0.40219.1
Project("{FAE04EC0-301F-11D3-BF4B-00C04F79EFBC}") = "SoloProject", "SoloProject\SoloProject.csproj", "{21B5F5C6-DAC2-4D7A-BD5F-5BFB7819E232}"
EndProject
Project("{2150E333-8FDC-42A3-9474-1A3956D46DE8}") = "Solution Items", "Solution Items", "{9480CD9A-958D-45B3-9206-97C9DEC0E0BC}"
	ProjectSection(SolutionItems) = preProject
		.editorconfig = .editorconfig
	EndProjectSection
EndProject
Global
	GlobalSection(SolutionConfigurationPlatforms) = preSolution
		Debug|Any CPU = Debug|Any CPU
		Release|Any CPU = Release|Any CPU
	EndGlobalSection
	GlobalSection(ProjectConfigurationPlatforms) = postSolution
		{21B5F5C6-DAC2-4D7A-BD5F-5BFB7819E232}.Debug|Any CPU.ActiveCfg = Debug|Any CPU
		{21B5F5C6-DAC2-4D7A-BD5F-5BFB7819E232}.Debug|Any CPU.Build.0 = Debug|Any CPU
		{21B5F5C6-DAC2-4D7A-BD5F-5BFB7819E232}.Release|Any CPU.ActiveCfg = Release|Any CPU
		{21B5F5C6-DAC2-4D7A-BD5F-5BFB7819E232}.Release|Any CPU.Build.0 = Release|Any CPU
	EndGlobalSection
	GlobalSection(SolutionProperties) = preSolution
		HideSolutionNode = FALSE
	EndGlobalSection
	GlobalSection(ExtensibilityGlobals) = postSolution
		SolutionGuid = {9856CF30-08F7-47C9-8A8D-9B30104F77F4}
	EndGlobalSection
EndGlobal
